
Microsoft Visual Studio Solution File, Format Version 12.00
# Visual Studio 14
VisualStudioVersion = 14.0.25420.1
MinimumVisualStudioVersion = 10.0.40219.1
Project("{2150E333-8FDC-42A3-9474-1A3956D46DE8}") = "src", "src", "{E1CF4A6F-E07D-4EDB-B6DE-CB91320A073C}"
EndProject
Project("{2150E333-8FDC-42A3-9474-1A3956D46DE8}") = "Solution Items", "Solution Items", "{38F0911E-1401-46E2-98B3-316C46736B55}"
	ProjectSection(SolutionItems) = preProject
		global.json = global.json
	EndProjectSection
EndProject
Project("{8BB2217D-0F2D-49D1-97BC-3654ED321F3B}") = "SampleUI", "src\SampleUI\SampleUI.xproj", "{C78EBA71-C0DA-4FAE-9C18-539C7A8B76C1}"
EndProject
Project("{2150E333-8FDC-42A3-9474-1A3956D46DE8}") = "Sample", "Sample", "{C044B3D3-14A8-4E79-A3CB-119CCE31343F}"
EndProject
Project("{8BB2217D-0F2D-49D1-97BC-3654ED321F3B}") = "SampleDomain", "SampleDomain\SampleDomain.xproj", "{7A2B280E-4084-490E-8108-56DD771F3CC6}"
EndProject
Project("{2150E333-8FDC-42A3-9474-1A3956D46DE8}") = "Core", "Core", "{0287B16B-18B6-41C7-9F36-F0302D3431F6}"
EndProject
Project("{8BB2217D-0F2D-49D1-97BC-3654ED321F3B}") = "Domain", "Domain\Domain.xproj", "{185F8009-2B33-44C3-A9C4-4D65EF7B3AAC}"
EndProject
Project("{2150E333-8FDC-42A3-9474-1A3956D46DE8}") = "Tests", "Tests", "{C8F140E2-5468-4FEB-AAD7-E3DEA6E3F46E}"
EndProject
Project("{8BB2217D-0F2D-49D1-97BC-3654ED321F3B}") = "UnitTests", "UnitTests\UnitTests.xproj", "{30F355EC-A8D0-46C0-993B-7C2DB15F9D89}"
EndProject
Project("{8BB2217D-0F2D-49D1-97BC-3654ED321F3B}") = "Persistence", "Persistence\Persistence.xproj", "{AFCEBADA-611E-4EA4-80EA-EB64B8FD9360}"
EndProject
Project("{8BB2217D-0F2D-49D1-97BC-3654ED321F3B}") = "Persistence.Azure", "Persistence.Azure\Persistence.Azure.xproj", "{0E5E70F5-F9A2-4BF5-AA50-087CF644106D}"
EndProject
Project("{8BB2217D-0F2D-49D1-97BC-3654ED321F3B}") = "IntegratedTests", "IntegratedTests\IntegratedTests.xproj", "{5F3884B5-75CA-45E4-A744-7F9DF189E89A}"
EndProject
Project("{8BB2217D-0F2D-49D1-97BC-3654ED321F3B}") = "Shared", "Shared\Shared.xproj", "{1D61A057-CFEC-4724-A0B2-7ED698AE5920}"
EndProject
Project("{8BB2217D-0F2D-49D1-97BC-3654ED321F3B}") = "Bus", "Bus\Bus.xproj", "{5152E332-D3B4-4EE2-AE2E-ED333F641B1B}"
EndProject
Global
	GlobalSection(SolutionConfigurationPlatforms) = preSolution
		Debug|Any CPU = Debug|Any CPU
		Release|Any CPU = Release|Any CPU
	EndGlobalSection
	GlobalSection(ProjectConfigurationPlatforms) = postSolution
		{C78EBA71-C0DA-4FAE-9C18-539C7A8B76C1}.Debug|Any CPU.ActiveCfg = Debug|Any CPU
		{C78EBA71-C0DA-4FAE-9C18-539C7A8B76C1}.Debug|Any CPU.Build.0 = Debug|Any CPU
		{C78EBA71-C0DA-4FAE-9C18-539C7A8B76C1}.Release|Any CPU.ActiveCfg = Release|Any CPU
		{C78EBA71-C0DA-4FAE-9C18-539C7A8B76C1}.Release|Any CPU.Build.0 = Release|Any CPU
		{7A2B280E-4084-490E-8108-56DD771F3CC6}.Debug|Any CPU.ActiveCfg = Debug|Any CPU
		{7A2B280E-4084-490E-8108-56DD771F3CC6}.Debug|Any CPU.Build.0 = Debug|Any CPU
		{7A2B280E-4084-490E-8108-56DD771F3CC6}.Release|Any CPU.ActiveCfg = Release|Any CPU
		{7A2B280E-4084-490E-8108-56DD771F3CC6}.Release|Any CPU.Build.0 = Release|Any CPU
		{185F8009-2B33-44C3-A9C4-4D65EF7B3AAC}.Debug|Any CPU.ActiveCfg = Debug|Any CPU
		{185F8009-2B33-44C3-A9C4-4D65EF7B3AAC}.Debug|Any CPU.Build.0 = Debug|Any CPU
		{185F8009-2B33-44C3-A9C4-4D65EF7B3AAC}.Release|Any CPU.ActiveCfg = Release|Any CPU
		{185F8009-2B33-44C3-A9C4-4D65EF7B3AAC}.Release|Any CPU.Build.0 = Release|Any CPU
		{30F355EC-A8D0-46C0-993B-7C2DB15F9D89}.Debug|Any CPU.ActiveCfg = Debug|Any CPU
		{30F355EC-A8D0-46C0-993B-7C2DB15F9D89}.Debug|Any CPU.Build.0 = Debug|Any CPU
		{30F355EC-A8D0-46C0-993B-7C2DB15F9D89}.Release|Any CPU.ActiveCfg = Release|Any CPU
		{30F355EC-A8D0-46C0-993B-7C2DB15F9D89}.Release|Any CPU.Build.0 = Release|Any CPU
		{AFCEBADA-611E-4EA4-80EA-EB64B8FD9360}.Debug|Any CPU.ActiveCfg = Debug|Any CPU
		{AFCEBADA-611E-4EA4-80EA-EB64B8FD9360}.Debug|Any CPU.Build.0 = Debug|Any CPU
		{AFCEBADA-611E-4EA4-80EA-EB64B8FD9360}.Release|Any CPU.ActiveCfg = Release|Any CPU
		{AFCEBADA-611E-4EA4-80EA-EB64B8FD9360}.Release|Any CPU.Build.0 = Release|Any CPU
		{0E5E70F5-F9A2-4BF5-AA50-087CF644106D}.Debug|Any CPU.ActiveCfg = Debug|Any CPU
		{0E5E70F5-F9A2-4BF5-AA50-087CF644106D}.Debug|Any CPU.Build.0 = Debug|Any CPU
		{0E5E70F5-F9A2-4BF5-AA50-087CF644106D}.Release|Any CPU.ActiveCfg = Release|Any CPU
		{0E5E70F5-F9A2-4BF5-AA50-087CF644106D}.Release|Any CPU.Build.0 = Release|Any CPU
		{5F3884B5-75CA-45E4-A744-7F9DF189E89A}.Debug|Any CPU.ActiveCfg = Debug|Any CPU
		{5F3884B5-75CA-45E4-A744-7F9DF189E89A}.Debug|Any CPU.Build.0 = Debug|Any CPU
		{5F3884B5-75CA-45E4-A744-7F9DF189E89A}.Release|Any CPU.ActiveCfg = Release|Any CPU
		{5F3884B5-75CA-45E4-A744-7F9DF189E89A}.Release|Any CPU.Build.0 = Release|Any CPU
		{1D61A057-CFEC-4724-A0B2-7ED698AE5920}.Debug|Any CPU.ActiveCfg = Debug|Any CPU
		{1D61A057-CFEC-4724-A0B2-7ED698AE5920}.Debug|Any CPU.Build.0 = Debug|Any CPU
		{1D61A057-CFEC-4724-A0B2-7ED698AE5920}.Release|Any CPU.ActiveCfg = Release|Any CPU
		{1D61A057-CFEC-4724-A0B2-7ED698AE5920}.Release|Any CPU.Build.0 = Release|Any CPU
		{5152E332-D3B4-4EE2-AE2E-ED333F641B1B}.Debug|Any CPU.ActiveCfg = Debug|Any CPU
		{5152E332-D3B4-4EE2-AE2E-ED333F641B1B}.Debug|Any CPU.Build.0 = Debug|Any CPU
		{5152E332-D3B4-4EE2-AE2E-ED333F641B1B}.Release|Any CPU.ActiveCfg = Release|Any CPU
		{5152E332-D3B4-4EE2-AE2E-ED333F641B1B}.Release|Any CPU.Build.0 = Release|Any CPU
	EndGlobalSection
	GlobalSection(SolutionProperties) = preSolution
		HideSolutionNode = FALSE
	EndGlobalSection
	GlobalSection(NestedProjects) = preSolution
		{C78EBA71-C0DA-4FAE-9C18-539C7A8B76C1} = {C044B3D3-14A8-4E79-A3CB-119CCE31343F}
		{C044B3D3-14A8-4E79-A3CB-119CCE31343F} = {E1CF4A6F-E07D-4EDB-B6DE-CB91320A073C}
		{7A2B280E-4084-490E-8108-56DD771F3CC6} = {C044B3D3-14A8-4E79-A3CB-119CCE31343F}
		{0287B16B-18B6-41C7-9F36-F0302D3431F6} = {E1CF4A6F-E07D-4EDB-B6DE-CB91320A073C}
		{185F8009-2B33-44C3-A9C4-4D65EF7B3AAC} = {0287B16B-18B6-41C7-9F36-F0302D3431F6}
		{30F355EC-A8D0-46C0-993B-7C2DB15F9D89} = {C8F140E2-5468-4FEB-AAD7-E3DEA6E3F46E}
		{AFCEBADA-611E-4EA4-80EA-EB64B8FD9360} = {0287B16B-18B6-41C7-9F36-F0302D3431F6}
		{0E5E70F5-F9A2-4BF5-AA50-087CF644106D} = {0287B16B-18B6-41C7-9F36-F0302D3431F6}
		{5F3884B5-75CA-45E4-A744-7F9DF189E89A} = {C8F140E2-5468-4FEB-AAD7-E3DEA6E3F46E}
		{1D61A057-CFEC-4724-A0B2-7ED698AE5920} = {0287B16B-18B6-41C7-9F36-F0302D3431F6}
		{5152E332-D3B4-4EE2-AE2E-ED333F641B1B} = {0287B16B-18B6-41C7-9F36-F0302D3431F6}
	EndGlobalSection
EndGlobal
